
Microsoft Visual Studio Solution File, Format Version 12.00
Project("{FAE04EC0-301F-11D3-BF4B-00C04F79EFBC}") = "HoneyShopWebsiteBackend", "HoneyShopWebsiteBackend\HoneyShopWebsiteBackend.csproj", "{77662249-819A-404B-97E0-2BC378825336}"
EndProject
Global
	GlobalSection(SolutionConfigurationPlatforms) = preSolution
		Debug|Any CPU = Debug|Any CPU
		Release|Any CPU = Release|Any CPU
	EndGlobalSection
	GlobalSection(ProjectConfigurationPlatforms) = postSolution
		{77662249-819A-404B-97E0-2BC378825336}.Debug|Any CPU.ActiveCfg = Debug|Any CPU
		{77662249-819A-404B-97E0-2BC378825336}.Debug|Any CPU.Build.0 = Debug|Any CPU
		{77662249-819A-404B-97E0-2BC378825336}.Release|Any CPU.ActiveCfg = Release|Any CPU
		{77662249-819A-404B-97E0-2BC378825336}.Release|Any CPU.Build.0 = Release|Any CPU
	EndGlobalSection
EndGlobal
