
Microsoft Visual Studio Solution File, Format Version 12.00
Project("{FAE04EC0-301F-11D3-BF4B-00C04F79EFBC}") = "HoneyShop.WebApi", "HoneyShop.WebApi\HoneyShop.WebApi.csproj", "{77662249-819A-404B-97E0-2BC378825336}"
EndProject
Project("{2150E333-8FDC-42A3-9474-1A3956D46DE8}") = "HoneyShop.Core", "HoneyShop.Core", "{E8821121-F99A-40F1-B438-6217C230CEFF}"
EndProject
Project("{2150E333-8FDC-42A3-9474-1A3956D46DE8}") = "HoneyShop.Core.Test", "HoneyShop.Core.Test", "{B70024B4-FFF1-49C4-BF9B-2992E2769422}"
EndProject
Project("{2150E333-8FDC-42A3-9474-1A3956D46DE8}") = "HoneyShop.Infrastructure", "HoneyShop.Infrastructure", "{9DE98996-B67C-4F14-B521-D9A11F1C99F8}"
EndProject
Project("{2150E333-8FDC-42A3-9474-1A3956D46DE8}") = "HoneyShop.Presentation", "HoneyShop.Presentation", "{EE1A6452-FC20-4DF5-9562-BC51A870CD4C}"
EndProject
Project("{FAE04EC0-301F-11D3-BF4B-00C04F79EFBC}") = "HoneyShop.Domain.Test", "HoneyShop.Core.Test\HoneyShop.Domain.Test\HoneyShop.Domain.Test.csproj", "{14B5941E-BE2D-4B88-A330-5E29310D3F6B}"
EndProject
Project("{FAE04EC0-301F-11D3-BF4B-00C04F79EFBC}") = "HoneyShop.Core", "HoneyShop.Core\HoneyShop.Core\HoneyShop.Core.csproj", "{CC572B92-2E64-409C-B09C-D851CCF8FEC5}"
EndProject
Project("{FAE04EC0-301F-11D3-BF4B-00C04F79EFBC}") = "HoneyShop.Domain", "HoneyShop.Core\HoneyShop.Domain\HoneyShop.Domain.csproj", "{8F8A3AB6-DCB7-486D-8ED6-D93A72F18612}"
EndProject
Project("{FAE04EC0-301F-11D3-BF4B-00C04F79EFBC}") = "HoneyShop.DataAccess", "HoneyShop.DataAccess\HoneyShop.DataAccess.csproj", "{9E724568-F2C8-4434-9CAE-597068164DA8}"
EndProject
Project("{FAE04EC0-301F-11D3-BF4B-00C04F79EFBC}") = "HoneyShop.Security", "HoneyShop.Security\HoneyShop.Security.csproj", "{630E9B14-C189-446D-9364-925C7DF9D3F5}"
EndProject
Project("{FAE04EC0-301F-11D3-BF4B-00C04F79EFBC}") = "HoneyShop.Core.Test", "HoneyShop.Core.Test\HoneyShop.Core.Test\HoneyShop.Core.Test.csproj", "{07AA27F9-5563-4155-B846-3BAC691973B2}"
EndProject
Global
	GlobalSection(SolutionConfigurationPlatforms) = preSolution
		Debug|Any CPU = Debug|Any CPU
		Release|Any CPU = Release|Any CPU
	EndGlobalSection
	GlobalSection(ProjectConfigurationPlatforms) = postSolution
		{77662249-819A-404B-97E0-2BC378825336}.Debug|Any CPU.ActiveCfg = Debug|Any CPU
		{77662249-819A-404B-97E0-2BC378825336}.Debug|Any CPU.Build.0 = Debug|Any CPU
		{77662249-819A-404B-97E0-2BC378825336}.Release|Any CPU.ActiveCfg = Release|Any CPU
		{77662249-819A-404B-97E0-2BC378825336}.Release|Any CPU.Build.0 = Release|Any CPU
		{14B5941E-BE2D-4B88-A330-5E29310D3F6B}.Debug|Any CPU.ActiveCfg = Debug|Any CPU
		{14B5941E-BE2D-4B88-A330-5E29310D3F6B}.Debug|Any CPU.Build.0 = Debug|Any CPU
		{14B5941E-BE2D-4B88-A330-5E29310D3F6B}.Release|Any CPU.ActiveCfg = Release|Any CPU
		{14B5941E-BE2D-4B88-A330-5E29310D3F6B}.Release|Any CPU.Build.0 = Release|Any CPU
		{CC572B92-2E64-409C-B09C-D851CCF8FEC5}.Debug|Any CPU.ActiveCfg = Debug|Any CPU
		{CC572B92-2E64-409C-B09C-D851CCF8FEC5}.Debug|Any CPU.Build.0 = Debug|Any CPU
		{CC572B92-2E64-409C-B09C-D851CCF8FEC5}.Release|Any CPU.ActiveCfg = Release|Any CPU
		{CC572B92-2E64-409C-B09C-D851CCF8FEC5}.Release|Any CPU.Build.0 = Release|Any CPU
		{8F8A3AB6-DCB7-486D-8ED6-D93A72F18612}.Debug|Any CPU.ActiveCfg = Debug|Any CPU
		{8F8A3AB6-DCB7-486D-8ED6-D93A72F18612}.Debug|Any CPU.Build.0 = Debug|Any CPU
		{8F8A3AB6-DCB7-486D-8ED6-D93A72F18612}.Release|Any CPU.ActiveCfg = Release|Any CPU
		{8F8A3AB6-DCB7-486D-8ED6-D93A72F18612}.Release|Any CPU.Build.0 = Release|Any CPU
		{9E724568-F2C8-4434-9CAE-597068164DA8}.Debug|Any CPU.ActiveCfg = Debug|Any CPU
		{9E724568-F2C8-4434-9CAE-597068164DA8}.Debug|Any CPU.Build.0 = Debug|Any CPU
		{9E724568-F2C8-4434-9CAE-597068164DA8}.Release|Any CPU.ActiveCfg = Release|Any CPU
		{9E724568-F2C8-4434-9CAE-597068164DA8}.Release|Any CPU.Build.0 = Release|Any CPU
		{630E9B14-C189-446D-9364-925C7DF9D3F5}.Debug|Any CPU.ActiveCfg = Debug|Any CPU
		{630E9B14-C189-446D-9364-925C7DF9D3F5}.Debug|Any CPU.Build.0 = Debug|Any CPU
		{630E9B14-C189-446D-9364-925C7DF9D3F5}.Release|Any CPU.ActiveCfg = Release|Any CPU
		{630E9B14-C189-446D-9364-925C7DF9D3F5}.Release|Any CPU.Build.0 = Release|Any CPU
		{07AA27F9-5563-4155-B846-3BAC691973B2}.Debug|Any CPU.ActiveCfg = Debug|Any CPU
		{07AA27F9-5563-4155-B846-3BAC691973B2}.Debug|Any CPU.Build.0 = Debug|Any CPU
		{07AA27F9-5563-4155-B846-3BAC691973B2}.Release|Any CPU.ActiveCfg = Release|Any CPU
		{07AA27F9-5563-4155-B846-3BAC691973B2}.Release|Any CPU.Build.0 = Release|Any CPU
	EndGlobalSection
	GlobalSection(NestedProjects) = preSolution
		{77662249-819A-404B-97E0-2BC378825336} = {EE1A6452-FC20-4DF5-9562-BC51A870CD4C}
		{14B5941E-BE2D-4B88-A330-5E29310D3F6B} = {B70024B4-FFF1-49C4-BF9B-2992E2769422}
		{CC572B92-2E64-409C-B09C-D851CCF8FEC5} = {E8821121-F99A-40F1-B438-6217C230CEFF}
		{8F8A3AB6-DCB7-486D-8ED6-D93A72F18612} = {E8821121-F99A-40F1-B438-6217C230CEFF}
		{9E724568-F2C8-4434-9CAE-597068164DA8} = {9DE98996-B67C-4F14-B521-D9A11F1C99F8}
		{630E9B14-C189-446D-9364-925C7DF9D3F5} = {9DE98996-B67C-4F14-B521-D9A11F1C99F8}
		{07AA27F9-5563-4155-B846-3BAC691973B2} = {B70024B4-FFF1-49C4-BF9B-2992E2769422}
	EndGlobalSection
EndGlobal
